
Microsoft Visual Studio Solution File, Format Version 12.00
# Visual Studio 15
VisualStudioVersion = 15.0.28010.2019
MinimumVisualStudioVersion = 10.0.40219.1
Project("{FAE04EC0-301F-11D3-BF4B-00C04F79EFBC}") = "BilletLibrary", "BilletLibrary\BilletLibrary.csproj", "{C989EFAB-3404-4B9E-9CA3-A0B7554C3D51}"
EndProject
Global
	GlobalSection(SolutionConfigurationPlatforms) = preSolution
		Debug|Any CPU = Debug|Any CPU
		Release|Any CPU = Release|Any CPU
	EndGlobalSection
	GlobalSection(ProjectConfigurationPlatforms) = postSolution
		{C989EFAB-3404-4B9E-9CA3-A0B7554C3D51}.Debug|Any CPU.ActiveCfg = Debug|Any CPU
		{C989EFAB-3404-4B9E-9CA3-A0B7554C3D51}.Debug|Any CPU.Build.0 = Debug|Any CPU
		{C989EFAB-3404-4B9E-9CA3-A0B7554C3D51}.Release|Any CPU.ActiveCfg = Release|Any CPU
		{C989EFAB-3404-4B9E-9CA3-A0B7554C3D51}.Release|Any CPU.Build.0 = Release|Any CPU
	EndGlobalSection
	GlobalSection(SolutionProperties) = preSolution
		HideSolutionNode = FALSE
	EndGlobalSection
	GlobalSection(ExtensibilityGlobals) = postSolution
		SolutionGuid = {86007326-F12F-4C7B-8A6A-F254E58DABA7}
	EndGlobalSection
EndGlobal
